// !$*UTF8*$!
{
	archiveVersion = 1;
	classes = {
	};
	objectVersion = 55;
	objects = {

/* Begin PBXBuildFile section */
		24CCAF9E2865BC0300AADD37 /* rangewatcher WatchKit App.app in Embed Watch Content */ = {isa = PBXBuildFile; fileRef = 24CCAF9D2865BC0300AADD37 /* rangewatcher WatchKit App.app */; settings = {ATTRIBUTES = (RemoveHeadersOnCopy, ); }; };
		24CCAFA32865BC0600AADD37 /* Assets.xcassets in Resources */ = {isa = PBXBuildFile; fileRef = 24CCAFA22865BC0600AADD37 /* Assets.xcassets */; };
		24CCAFA92865BC0600AADD37 /* rangewatcher WatchKit Extension.appex in Embed App Extensions */ = {isa = PBXBuildFile; fileRef = 24CCAFA82865BC0600AADD37 /* rangewatcher WatchKit Extension.appex */; settings = {ATTRIBUTES = (RemoveHeadersOnCopy, ); }; };
		24CCAFAE2865BC0600AADD37 /* rangerApp.swift in Sources */ = {isa = PBXBuildFile; fileRef = 24CCAFAD2865BC0600AADD37 /* rangerApp.swift */; };
		24CCAFB02865BC0600AADD37 /* ContentView.swift in Sources */ = {isa = PBXBuildFile; fileRef = 24CCAFAF2865BC0600AADD37 /* ContentView.swift */; };
		24CCAFB22865BC0600AADD37 /* NotificationController.swift in Sources */ = {isa = PBXBuildFile; fileRef = 24CCAFB12865BC0600AADD37 /* NotificationController.swift */; };
		24CCAFB42865BC0600AADD37 /* NotificationView.swift in Sources */ = {isa = PBXBuildFile; fileRef = 24CCAFB32865BC0600AADD37 /* NotificationView.swift */; };
		24CCAFB62865BC0600AADD37 /* ComplicationController.swift in Sources */ = {isa = PBXBuildFile; fileRef = 24CCAFB52865BC0600AADD37 /* ComplicationController.swift */; };
		24CCAFB82865BC0700AADD37 /* Assets.xcassets in Resources */ = {isa = PBXBuildFile; fileRef = 24CCAFB72865BC0700AADD37 /* Assets.xcassets */; };
		24CCAFBB2865BC0700AADD37 /* Preview Assets.xcassets in Resources */ = {isa = PBXBuildFile; fileRef = 24CCAFBA2865BC0700AADD37 /* Preview Assets.xcassets */; };
		24CCAFC72865BC0700AADD37 /* rangerTests.swift in Sources */ = {isa = PBXBuildFile; fileRef = 24CCAFC62865BC0700AADD37 /* rangerTests.swift */; };
		24CCAFD12865BC0700AADD37 /* rangerUITests.swift in Sources */ = {isa = PBXBuildFile; fileRef = 24CCAFD02865BC0700AADD37 /* rangerUITests.swift */; };
		24CCAFD32865BC0700AADD37 /* rangerUITestsLaunchTests.swift in Sources */ = {isa = PBXBuildFile; fileRef = 24CCAFD22865BC0700AADD37 /* rangerUITestsLaunchTests.swift */; };
		24CCB0652865F1F000AADD37 /* RangerExtensionDelegate.swift in Sources */ = {isa = PBXBuildFile; fileRef = 24CCB0642865F1F000AADD37 /* RangerExtensionDelegate.swift */; };
/* End PBXBuildFile section */

/* Begin PBXContainerItemProxy section */
		24CCAF9F2865BC0300AADD37 /* PBXContainerItemProxy */ = {
			isa = PBXContainerItemProxy;
			containerPortal = 24CCAF932865BC0300AADD37 /* Project object */;
			proxyType = 1;
			remoteGlobalIDString = 24CCAF9C2865BC0300AADD37;
			remoteInfo = "ranger WatchKit App";
		};
		24CCAFAA2865BC0600AADD37 /* PBXContainerItemProxy */ = {
			isa = PBXContainerItemProxy;
			containerPortal = 24CCAF932865BC0300AADD37 /* Project object */;
			proxyType = 1;
			remoteGlobalIDString = 24CCAFA72865BC0600AADD37;
			remoteInfo = "ranger WatchKit Extension";
		};
		24CCAFC32865BC0700AADD37 /* PBXContainerItemProxy */ = {
			isa = PBXContainerItemProxy;
			containerPortal = 24CCAF932865BC0300AADD37 /* Project object */;
			proxyType = 1;
			remoteGlobalIDString = 24CCAFA72865BC0600AADD37;
			remoteInfo = "ranger WatchKit Extension";
		};
		24CCAFCD2865BC0700AADD37 /* PBXContainerItemProxy */ = {
			isa = PBXContainerItemProxy;
			containerPortal = 24CCAF932865BC0300AADD37 /* Project object */;
			proxyType = 1;
			remoteGlobalIDString = 24CCAF9C2865BC0300AADD37;
			remoteInfo = "ranger WatchKit App";
		};
/* End PBXContainerItemProxy section */

/* Begin PBXCopyFilesBuildPhase section */
		24CCAFD92865BC0700AADD37 /* Embed App Extensions */ = {
			isa = PBXCopyFilesBuildPhase;
			buildActionMask = 2147483647;
			dstPath = "";
			dstSubfolderSpec = 13;
			files = (
				24CCAFA92865BC0600AADD37 /* rangewatcher WatchKit Extension.appex in Embed App Extensions */,
			);
			name = "Embed App Extensions";
			runOnlyForDeploymentPostprocessing = 0;
		};
		24CCAFDD2865BC0700AADD37 /* Embed Watch Content */ = {
			isa = PBXCopyFilesBuildPhase;
			buildActionMask = 2147483647;
			dstPath = "$(CONTENTS_FOLDER_PATH)/Watch";
			dstSubfolderSpec = 16;
			files = (
				24CCAF9E2865BC0300AADD37 /* rangewatcher WatchKit App.app in Embed Watch Content */,
			);
			name = "Embed Watch Content";
			runOnlyForDeploymentPostprocessing = 0;
		};
/* End PBXCopyFilesBuildPhase section */

/* Begin PBXFileReference section */
		24CCAF992865BC0300AADD37 /* rangewatcher.app */ = {isa = PBXFileReference; explicitFileType = wrapper.application; includeInIndex = 0; path = rangewatcher.app; sourceTree = BUILT_PRODUCTS_DIR; };
		24CCAF9D2865BC0300AADD37 /* rangewatcher WatchKit App.app */ = {isa = PBXFileReference; explicitFileType = wrapper.application; includeInIndex = 0; path = "rangewatcher WatchKit App.app"; sourceTree = BUILT_PRODUCTS_DIR; };
		24CCAFA22865BC0600AADD37 /* Assets.xcassets */ = {isa = PBXFileReference; lastKnownFileType = folder.assetcatalog; path = Assets.xcassets; sourceTree = "<group>"; };
		24CCAFA82865BC0600AADD37 /* rangewatcher WatchKit Extension.appex */ = {isa = PBXFileReference; explicitFileType = "wrapper.app-extension"; includeInIndex = 0; path = "rangewatcher WatchKit Extension.appex"; sourceTree = BUILT_PRODUCTS_DIR; };
		24CCAFAD2865BC0600AADD37 /* rangerApp.swift */ = {isa = PBXFileReference; lastKnownFileType = sourcecode.swift; path = rangerApp.swift; sourceTree = "<group>"; };
		24CCAFAF2865BC0600AADD37 /* ContentView.swift */ = {isa = PBXFileReference; lastKnownFileType = sourcecode.swift; path = ContentView.swift; sourceTree = "<group>"; };
		24CCAFB12865BC0600AADD37 /* NotificationController.swift */ = {isa = PBXFileReference; lastKnownFileType = sourcecode.swift; path = NotificationController.swift; sourceTree = "<group>"; };
		24CCAFB32865BC0600AADD37 /* NotificationView.swift */ = {isa = PBXFileReference; lastKnownFileType = sourcecode.swift; path = NotificationView.swift; sourceTree = "<group>"; };
		24CCAFB52865BC0600AADD37 /* ComplicationController.swift */ = {isa = PBXFileReference; lastKnownFileType = sourcecode.swift; path = ComplicationController.swift; sourceTree = "<group>"; };
		24CCAFB72865BC0700AADD37 /* Assets.xcassets */ = {isa = PBXFileReference; lastKnownFileType = folder.assetcatalog; path = Assets.xcassets; sourceTree = "<group>"; };
		24CCAFBA2865BC0700AADD37 /* Preview Assets.xcassets */ = {isa = PBXFileReference; lastKnownFileType = folder.assetcatalog; path = "Preview Assets.xcassets"; sourceTree = "<group>"; };
		24CCAFBC2865BC0700AADD37 /* Info.plist */ = {isa = PBXFileReference; lastKnownFileType = text.plist.xml; path = Info.plist; sourceTree = "<group>"; };
		24CCAFBD2865BC0700AADD37 /* PushNotificationPayload.apns */ = {isa = PBXFileReference; lastKnownFileType = text; path = PushNotificationPayload.apns; sourceTree = "<group>"; };
		24CCAFC22865BC0700AADD37 /* rangewatcherTests.xctest */ = {isa = PBXFileReference; explicitFileType = wrapper.cfbundle; includeInIndex = 0; path = rangewatcherTests.xctest; sourceTree = BUILT_PRODUCTS_DIR; };
		24CCAFC62865BC0700AADD37 /* rangerTests.swift */ = {isa = PBXFileReference; lastKnownFileType = sourcecode.swift; path = rangerTests.swift; sourceTree = "<group>"; };
		24CCAFCC2865BC0700AADD37 /* rangewatcherUITests.xctest */ = {isa = PBXFileReference; explicitFileType = wrapper.cfbundle; includeInIndex = 0; path = rangewatcherUITests.xctest; sourceTree = BUILT_PRODUCTS_DIR; };
		24CCAFD02865BC0700AADD37 /* rangerUITests.swift */ = {isa = PBXFileReference; lastKnownFileType = sourcecode.swift; path = rangerUITests.swift; sourceTree = "<group>"; };
		24CCAFD22865BC0700AADD37 /* rangerUITestsLaunchTests.swift */ = {isa = PBXFileReference; lastKnownFileType = sourcecode.swift; path = rangerUITestsLaunchTests.swift; sourceTree = "<group>"; };
		24CCB0642865F1F000AADD37 /* RangerExtensionDelegate.swift */ = {isa = PBXFileReference; lastKnownFileType = sourcecode.swift; path = RangerExtensionDelegate.swift; sourceTree = "<group>"; };
/* End PBXFileReference section */

/* Begin PBXFrameworksBuildPhase section */
		24CCAFA52865BC0600AADD37 /* Frameworks */ = {
			isa = PBXFrameworksBuildPhase;
			buildActionMask = 2147483647;
			files = (
			);
			runOnlyForDeploymentPostprocessing = 0;
		};
		24CCAFBF2865BC0700AADD37 /* Frameworks */ = {
			isa = PBXFrameworksBuildPhase;
			buildActionMask = 2147483647;
			files = (
			);
			runOnlyForDeploymentPostprocessing = 0;
		};
		24CCAFC92865BC0700AADD37 /* Frameworks */ = {
			isa = PBXFrameworksBuildPhase;
			buildActionMask = 2147483647;
			files = (
			);
			runOnlyForDeploymentPostprocessing = 0;
		};
/* End PBXFrameworksBuildPhase section */

/* Begin PBXGroup section */
		24CCAF922865BC0300AADD37 = {
			isa = PBXGroup;
			children = (
				24CCAFA12865BC0300AADD37 /* ranger WatchKit App */,
				24CCAFAC2865BC0600AADD37 /* ranger WatchKit Extension */,
				24CCAFC52865BC0700AADD37 /* rangerTests */,
				24CCAFCF2865BC0700AADD37 /* rangerUITests */,
				24CCAF9A2865BC0300AADD37 /* Products */,
			);
			sourceTree = "<group>";
		};
		24CCAF9A2865BC0300AADD37 /* Products */ = {
			isa = PBXGroup;
			children = (
				24CCAF992865BC0300AADD37 /* rangewatcher.app */,
				24CCAF9D2865BC0300AADD37 /* rangewatcher WatchKit App.app */,
				24CCAFA82865BC0600AADD37 /* rangewatcher WatchKit Extension.appex */,
				24CCAFC22865BC0700AADD37 /* rangewatcherTests.xctest */,
				24CCAFCC2865BC0700AADD37 /* rangewatcherUITests.xctest */,
			);
			name = Products;
			sourceTree = "<group>";
		};
		24CCAFA12865BC0300AADD37 /* ranger WatchKit App */ = {
			isa = PBXGroup;
			children = (
				24CCAFA22865BC0600AADD37 /* Assets.xcassets */,
			);
			path = "ranger WatchKit App";
			sourceTree = "<group>";
		};
		24CCAFAC2865BC0600AADD37 /* ranger WatchKit Extension */ = {
			isa = PBXGroup;
			children = (
				24CCAFAD2865BC0600AADD37 /* rangerApp.swift */,
				24CCAFAF2865BC0600AADD37 /* ContentView.swift */,
				24CCAFB12865BC0600AADD37 /* NotificationController.swift */,
				24CCAFB32865BC0600AADD37 /* NotificationView.swift */,
				24CCAFB52865BC0600AADD37 /* ComplicationController.swift */,
				24CCAFB72865BC0700AADD37 /* Assets.xcassets */,
				24CCAFBC2865BC0700AADD37 /* Info.plist */,
				24CCAFBD2865BC0700AADD37 /* PushNotificationPayload.apns */,
				24CCAFB92865BC0700AADD37 /* Preview Content */,
				24CCB0642865F1F000AADD37 /* RangerExtensionDelegate.swift */,
			);
			path = "ranger WatchKit Extension";
			sourceTree = "<group>";
		};
		24CCAFB92865BC0700AADD37 /* Preview Content */ = {
			isa = PBXGroup;
			children = (
				24CCAFBA2865BC0700AADD37 /* Preview Assets.xcassets */,
			);
			path = "Preview Content";
			sourceTree = "<group>";
		};
		24CCAFC52865BC0700AADD37 /* rangerTests */ = {
			isa = PBXGroup;
			children = (
				24CCAFC62865BC0700AADD37 /* rangerTests.swift */,
			);
			path = rangerTests;
			sourceTree = "<group>";
		};
		24CCAFCF2865BC0700AADD37 /* rangerUITests */ = {
			isa = PBXGroup;
			children = (
				24CCAFD02865BC0700AADD37 /* rangerUITests.swift */,
				24CCAFD22865BC0700AADD37 /* rangerUITestsLaunchTests.swift */,
			);
			path = rangerUITests;
			sourceTree = "<group>";
		};
/* End PBXGroup section */

/* Begin PBXNativeTarget section */
		24CCAF982865BC0300AADD37 /* rangewatcher */ = {
			isa = PBXNativeTarget;
			buildConfigurationList = 24CCAFDE2865BC0700AADD37 /* Build configuration list for PBXNativeTarget "rangewatcher" */;
			buildPhases = (
				24CCAF972865BC0300AADD37 /* Resources */,
				24CCAFDD2865BC0700AADD37 /* Embed Watch Content */,
			);
			buildRules = (
			);
			dependencies = (
				24CCAFA02865BC0300AADD37 /* PBXTargetDependency */,
			);
			name = rangewatcher;
			productName = ranger;
			productReference = 24CCAF992865BC0300AADD37 /* rangewatcher.app */;
			productType = "com.apple.product-type.application.watchapp2-container";
		};
		24CCAF9C2865BC0300AADD37 /* rangewatcher WatchKit App */ = {
			isa = PBXNativeTarget;
			buildConfigurationList = 24CCAFDA2865BC0700AADD37 /* Build configuration list for PBXNativeTarget "rangewatcher WatchKit App" */;
			buildPhases = (
				24CCAF9B2865BC0300AADD37 /* Resources */,
				24CCAFD92865BC0700AADD37 /* Embed App Extensions */,
			);
			buildRules = (
			);
			dependencies = (
				24CCAFAB2865BC0600AADD37 /* PBXTargetDependency */,
			);
			name = "rangewatcher WatchKit App";
			productName = "ranger WatchKit App";
			productReference = 24CCAF9D2865BC0300AADD37 /* rangewatcher WatchKit App.app */;
			productType = "com.apple.product-type.application.watchapp2";
		};
		24CCAFA72865BC0600AADD37 /* rangewatcher WatchKit Extension */ = {
			isa = PBXNativeTarget;
			buildConfigurationList = 24CCAFD62865BC0700AADD37 /* Build configuration list for PBXNativeTarget "rangewatcher WatchKit Extension" */;
			buildPhases = (
				24CCAFA42865BC0600AADD37 /* Sources */,
				24CCAFA52865BC0600AADD37 /* Frameworks */,
				24CCAFA62865BC0600AADD37 /* Resources */,
			);
			buildRules = (
			);
			dependencies = (
			);
			name = "rangewatcher WatchKit Extension";
			productName = "ranger WatchKit Extension";
			productReference = 24CCAFA82865BC0600AADD37 /* rangewatcher WatchKit Extension.appex */;
			productType = "com.apple.product-type.watchkit2-extension";
		};
		24CCAFC12865BC0700AADD37 /* rangewatcherTests */ = {
			isa = PBXNativeTarget;
			buildConfigurationList = 24CCAFE12865BC0700AADD37 /* Build configuration list for PBXNativeTarget "rangewatcherTests" */;
			buildPhases = (
				24CCAFBE2865BC0700AADD37 /* Sources */,
				24CCAFBF2865BC0700AADD37 /* Frameworks */,
				24CCAFC02865BC0700AADD37 /* Resources */,
			);
			buildRules = (
			);
			dependencies = (
				24CCAFC42865BC0700AADD37 /* PBXTargetDependency */,
			);
			name = rangewatcherTests;
			productName = rangerTests;
			productReference = 24CCAFC22865BC0700AADD37 /* rangewatcherTests.xctest */;
			productType = "com.apple.product-type.bundle.unit-test";
		};
		24CCAFCB2865BC0700AADD37 /* rangewatcherUITests */ = {
			isa = PBXNativeTarget;
			buildConfigurationList = 24CCAFE42865BC0700AADD37 /* Build configuration list for PBXNativeTarget "rangewatcherUITests" */;
			buildPhases = (
				24CCAFC82865BC0700AADD37 /* Sources */,
				24CCAFC92865BC0700AADD37 /* Frameworks */,
				24CCAFCA2865BC0700AADD37 /* Resources */,
			);
			buildRules = (
			);
			dependencies = (
				24CCAFCE2865BC0700AADD37 /* PBXTargetDependency */,
			);
			name = rangewatcherUITests;
			productName = rangerUITests;
			productReference = 24CCAFCC2865BC0700AADD37 /* rangewatcherUITests.xctest */;
			productType = "com.apple.product-type.bundle.ui-testing";
		};
/* End PBXNativeTarget section */

/* Begin PBXProject section */
		24CCAF932865BC0300AADD37 /* Project object */ = {
			isa = PBXProject;
			attributes = {
				BuildIndependentTargetsInParallel = 1;
				LastSwiftUpdateCheck = 1340;
				LastUpgradeCheck = 1340;
				TargetAttributes = {
					24CCAF982865BC0300AADD37 = {
						CreatedOnToolsVersion = 13.4.1;
					};
					24CCAF9C2865BC0300AADD37 = {
						CreatedOnToolsVersion = 13.4.1;
					};
					24CCAFA72865BC0600AADD37 = {
						CreatedOnToolsVersion = 13.4.1;
					};
					24CCAFC12865BC0700AADD37 = {
						CreatedOnToolsVersion = 13.4.1;
						TestTargetID = 24CCAFA72865BC0600AADD37;
					};
					24CCAFCB2865BC0700AADD37 = {
						CreatedOnToolsVersion = 13.4.1;
						TestTargetID = 24CCAF9C2865BC0300AADD37;
					};
				};
			};
			buildConfigurationList = 24CCAF962865BC0300AADD37 /* Build configuration list for PBXProject "rangewatcher" */;
			compatibilityVersion = "Xcode 13.0";
			developmentRegion = en;
			hasScannedForEncodings = 0;
			knownRegions = (
				en,
				Base,
			);
			mainGroup = 24CCAF922865BC0300AADD37;
			productRefGroup = 24CCAF9A2865BC0300AADD37 /* Products */;
			projectDirPath = "";
			projectRoot = "";
			targets = (
				24CCAF982865BC0300AADD37 /* rangewatcher */,
				24CCAF9C2865BC0300AADD37 /* rangewatcher WatchKit App */,
				24CCAFA72865BC0600AADD37 /* rangewatcher WatchKit Extension */,
				24CCAFC12865BC0700AADD37 /* rangewatcherTests */,
				24CCAFCB2865BC0700AADD37 /* rangewatcherUITests */,
			);
		};
/* End PBXProject section */

/* Begin PBXResourcesBuildPhase section */
		24CCAF972865BC0300AADD37 /* Resources */ = {
			isa = PBXResourcesBuildPhase;
			buildActionMask = 2147483647;
			files = (
			);
			runOnlyForDeploymentPostprocessing = 0;
		};
		24CCAF9B2865BC0300AADD37 /* Resources */ = {
			isa = PBXResourcesBuildPhase;
			buildActionMask = 2147483647;
			files = (
				24CCAFA32865BC0600AADD37 /* Assets.xcassets in Resources */,
			);
			runOnlyForDeploymentPostprocessing = 0;
		};
		24CCAFA62865BC0600AADD37 /* Resources */ = {
			isa = PBXResourcesBuildPhase;
			buildActionMask = 2147483647;
			files = (
				24CCAFBB2865BC0700AADD37 /* Preview Assets.xcassets in Resources */,
				24CCAFB82865BC0700AADD37 /* Assets.xcassets in Resources */,
			);
			runOnlyForDeploymentPostprocessing = 0;
		};
		24CCAFC02865BC0700AADD37 /* Resources */ = {
			isa = PBXResourcesBuildPhase;
			buildActionMask = 2147483647;
			files = (
			);
			runOnlyForDeploymentPostprocessing = 0;
		};
		24CCAFCA2865BC0700AADD37 /* Resources */ = {
			isa = PBXResourcesBuildPhase;
			buildActionMask = 2147483647;
			files = (
			);
			runOnlyForDeploymentPostprocessing = 0;
		};
/* End PBXResourcesBuildPhase section */

/* Begin PBXSourcesBuildPhase section */
		24CCAFA42865BC0600AADD37 /* Sources */ = {
			isa = PBXSourcesBuildPhase;
			buildActionMask = 2147483647;
			files = (
				24CCAFB22865BC0600AADD37 /* NotificationController.swift in Sources */,
				24CCAFB02865BC0600AADD37 /* ContentView.swift in Sources */,
				24CCAFB62865BC0600AADD37 /* ComplicationController.swift in Sources */,
				24CCB0652865F1F000AADD37 /* RangerExtensionDelegate.swift in Sources */,
				24CCAFAE2865BC0600AADD37 /* rangerApp.swift in Sources */,
				24CCAFB42865BC0600AADD37 /* NotificationView.swift in Sources */,
			);
			runOnlyForDeploymentPostprocessing = 0;
		};
		24CCAFBE2865BC0700AADD37 /* Sources */ = {
			isa = PBXSourcesBuildPhase;
			buildActionMask = 2147483647;
			files = (
				24CCAFC72865BC0700AADD37 /* rangerTests.swift in Sources */,
			);
			runOnlyForDeploymentPostprocessing = 0;
		};
		24CCAFC82865BC0700AADD37 /* Sources */ = {
			isa = PBXSourcesBuildPhase;
			buildActionMask = 2147483647;
			files = (
				24CCAFD12865BC0700AADD37 /* rangerUITests.swift in Sources */,
				24CCAFD32865BC0700AADD37 /* rangerUITestsLaunchTests.swift in Sources */,
			);
			runOnlyForDeploymentPostprocessing = 0;
		};
/* End PBXSourcesBuildPhase section */

/* Begin PBXTargetDependency section */
		24CCAFA02865BC0300AADD37 /* PBXTargetDependency */ = {
			isa = PBXTargetDependency;
			target = 24CCAF9C2865BC0300AADD37 /* rangewatcher WatchKit App */;
			targetProxy = 24CCAF9F2865BC0300AADD37 /* PBXContainerItemProxy */;
		};
		24CCAFAB2865BC0600AADD37 /* PBXTargetDependency */ = {
			isa = PBXTargetDependency;
			target = 24CCAFA72865BC0600AADD37 /* rangewatcher WatchKit Extension */;
			targetProxy = 24CCAFAA2865BC0600AADD37 /* PBXContainerItemProxy */;
		};
		24CCAFC42865BC0700AADD37 /* PBXTargetDependency */ = {
			isa = PBXTargetDependency;
			target = 24CCAFA72865BC0600AADD37 /* rangewatcher WatchKit Extension */;
			targetProxy = 24CCAFC32865BC0700AADD37 /* PBXContainerItemProxy */;
		};
		24CCAFCE2865BC0700AADD37 /* PBXTargetDependency */ = {
			isa = PBXTargetDependency;
			target = 24CCAF9C2865BC0300AADD37 /* rangewatcher WatchKit App */;
			targetProxy = 24CCAFCD2865BC0700AADD37 /* PBXContainerItemProxy */;
		};
/* End PBXTargetDependency section */

/* Begin XCBuildConfiguration section */
		24CCAFD42865BC0700AADD37 /* Debug */ = {
			isa = XCBuildConfiguration;
			buildSettings = {
				ALWAYS_SEARCH_USER_PATHS = NO;
				CLANG_ANALYZER_NONNULL = YES;
				CLANG_ANALYZER_NUMBER_OBJECT_CONVERSION = YES_AGGRESSIVE;
				CLANG_CXX_LANGUAGE_STANDARD = "gnu++17";
				CLANG_ENABLE_MODULES = YES;
				CLANG_ENABLE_OBJC_ARC = YES;
				CLANG_ENABLE_OBJC_WEAK = YES;
				CLANG_WARN_BLOCK_CAPTURE_AUTORELEASING = YES;
				CLANG_WARN_BOOL_CONVERSION = YES;
				CLANG_WARN_COMMA = YES;
				CLANG_WARN_CONSTANT_CONVERSION = YES;
				CLANG_WARN_DEPRECATED_OBJC_IMPLEMENTATIONS = YES;
				CLANG_WARN_DIRECT_OBJC_ISA_USAGE = YES_ERROR;
				CLANG_WARN_DOCUMENTATION_COMMENTS = YES;
				CLANG_WARN_EMPTY_BODY = YES;
				CLANG_WARN_ENUM_CONVERSION = YES;
				CLANG_WARN_INFINITE_RECURSION = YES;
				CLANG_WARN_INT_CONVERSION = YES;
				CLANG_WARN_NON_LITERAL_NULL_CONVERSION = YES;
				CLANG_WARN_OBJC_IMPLICIT_RETAIN_SELF = YES;
				CLANG_WARN_OBJC_LITERAL_CONVERSION = YES;
				CLANG_WARN_OBJC_ROOT_CLASS = YES_ERROR;
				CLANG_WARN_QUOTED_INCLUDE_IN_FRAMEWORK_HEADER = YES;
				CLANG_WARN_RANGE_LOOP_ANALYSIS = YES;
				CLANG_WARN_STRICT_PROTOTYPES = YES;
				CLANG_WARN_SUSPICIOUS_MOVE = YES;
				CLANG_WARN_UNGUARDED_AVAILABILITY = YES_AGGRESSIVE;
				CLANG_WARN_UNREACHABLE_CODE = YES;
				CLANG_WARN__DUPLICATE_METHOD_MATCH = YES;
				COPY_PHASE_STRIP = NO;
				DEBUG_INFORMATION_FORMAT = dwarf;
				ENABLE_STRICT_OBJC_MSGSEND = YES;
				ENABLE_TESTABILITY = YES;
				GCC_C_LANGUAGE_STANDARD = gnu11;
				GCC_DYNAMIC_NO_PIC = NO;
				GCC_NO_COMMON_BLOCKS = YES;
				GCC_OPTIMIZATION_LEVEL = 0;
				GCC_PREPROCESSOR_DEFINITIONS = (
					"DEBUG=1",
					"$(inherited)",
				);
				GCC_WARN_64_TO_32_BIT_CONVERSION = YES;
				GCC_WARN_ABOUT_RETURN_TYPE = YES_ERROR;
				GCC_WARN_UNDECLARED_SELECTOR = YES;
				GCC_WARN_UNINITIALIZED_AUTOS = YES_AGGRESSIVE;
				GCC_WARN_UNUSED_FUNCTION = YES;
				GCC_WARN_UNUSED_VARIABLE = YES;
				MACOSX_DEPLOYMENT_TARGET = 12.3;
				MTL_ENABLE_DEBUG_INFO = INCLUDE_SOURCE;
				MTL_FAST_MATH = YES;
				ONLY_ACTIVE_ARCH = YES;
				SDKROOT = iphoneos;
				SWIFT_ACTIVE_COMPILATION_CONDITIONS = DEBUG;
				SWIFT_OPTIMIZATION_LEVEL = "-Onone";
				TVOS_DEPLOYMENT_TARGET = 15.4;
				WATCHOS_DEPLOYMENT_TARGET = 8.5;
			};
			name = Debug;
		};
		24CCAFD52865BC0700AADD37 /* Release */ = {
			isa = XCBuildConfiguration;
			buildSettings = {
				ALWAYS_SEARCH_USER_PATHS = NO;
				CLANG_ANALYZER_NONNULL = YES;
				CLANG_ANALYZER_NUMBER_OBJECT_CONVERSION = YES_AGGRESSIVE;
				CLANG_CXX_LANGUAGE_STANDARD = "gnu++17";
				CLANG_ENABLE_MODULES = YES;
				CLANG_ENABLE_OBJC_ARC = YES;
				CLANG_ENABLE_OBJC_WEAK = YES;
				CLANG_WARN_BLOCK_CAPTURE_AUTORELEASING = YES;
				CLANG_WARN_BOOL_CONVERSION = YES;
				CLANG_WARN_COMMA = YES;
				CLANG_WARN_CONSTANT_CONVERSION = YES;
				CLANG_WARN_DEPRECATED_OBJC_IMPLEMENTATIONS = YES;
				CLANG_WARN_DIRECT_OBJC_ISA_USAGE = YES_ERROR;
				CLANG_WARN_DOCUMENTATION_COMMENTS = YES;
				CLANG_WARN_EMPTY_BODY = YES;
				CLANG_WARN_ENUM_CONVERSION = YES;
				CLANG_WARN_INFINITE_RECURSION = YES;
				CLANG_WARN_INT_CONVERSION = YES;
				CLANG_WARN_NON_LITERAL_NULL_CONVERSION = YES;
				CLANG_WARN_OBJC_IMPLICIT_RETAIN_SELF = YES;
				CLANG_WARN_OBJC_LITERAL_CONVERSION = YES;
				CLANG_WARN_OBJC_ROOT_CLASS = YES_ERROR;
				CLANG_WARN_QUOTED_INCLUDE_IN_FRAMEWORK_HEADER = YES;
				CLANG_WARN_RANGE_LOOP_ANALYSIS = YES;
				CLANG_WARN_STRICT_PROTOTYPES = YES;
				CLANG_WARN_SUSPICIOUS_MOVE = YES;
				CLANG_WARN_UNGUARDED_AVAILABILITY = YES_AGGRESSIVE;
				CLANG_WARN_UNREACHABLE_CODE = YES;
				CLANG_WARN__DUPLICATE_METHOD_MATCH = YES;
				COPY_PHASE_STRIP = NO;
				DEBUG_INFORMATION_FORMAT = "dwarf-with-dsym";
				ENABLE_NS_ASSERTIONS = NO;
				ENABLE_STRICT_OBJC_MSGSEND = YES;
				GCC_C_LANGUAGE_STANDARD = gnu11;
				GCC_NO_COMMON_BLOCKS = YES;
				GCC_WARN_64_TO_32_BIT_CONVERSION = YES;
				GCC_WARN_ABOUT_RETURN_TYPE = YES_ERROR;
				GCC_WARN_UNDECLARED_SELECTOR = YES;
				GCC_WARN_UNINITIALIZED_AUTOS = YES_AGGRESSIVE;
				GCC_WARN_UNUSED_FUNCTION = YES;
				GCC_WARN_UNUSED_VARIABLE = YES;
				MACOSX_DEPLOYMENT_TARGET = 12.3;
				MTL_ENABLE_DEBUG_INFO = NO;
				MTL_FAST_MATH = YES;
				SDKROOT = iphoneos;
				SWIFT_COMPILATION_MODE = wholemodule;
				SWIFT_OPTIMIZATION_LEVEL = "-O";
				TVOS_DEPLOYMENT_TARGET = 15.4;
				VALIDATE_PRODUCT = YES;
				WATCHOS_DEPLOYMENT_TARGET = 8.5;
			};
			name = Release;
		};
		24CCAFD72865BC0700AADD37 /* Debug */ = {
			isa = XCBuildConfiguration;
			buildSettings = {
				ASSETCATALOG_COMPILER_COMPLICATION_NAME = Complication;
				CODE_SIGN_STYLE = Automatic;
				CURRENT_PROJECT_VERSION = 1;
				DEVELOPMENT_ASSET_PATHS = "\"ranger WatchKit Extension/Preview Content\"";
				DEVELOPMENT_TEAM = QG884YTN9F;
				ENABLE_PREVIEWS = YES;
				GENERATE_INFOPLIST_FILE = YES;
				INFOPLIST_FILE = "ranger WatchKit Extension/Info.plist";
				INFOPLIST_KEY_CFBundleDisplayName = "ranger WatchKit Extension";
				INFOPLIST_KEY_CLKComplicationPrincipalClass = rangewatcher_WatchKit_Extension.ComplicationController;
				INFOPLIST_KEY_NSHumanReadableCopyright = "";
				INFOPLIST_KEY_WKWatchOnly = YES;
				LD_RUNPATH_SEARCH_PATHS = (
					"$(inherited)",
					"@executable_path/Frameworks",
					"@executable_path/../../Frameworks",
				);
				MARKETING_VERSION = 1.0;
				PRODUCT_BUNDLE_IDENTIFIER = ro.devchain.rangewatcher.watchkitapp.watchkitextension;
				PRODUCT_NAME = "${TARGET_NAME}";
				SDKROOT = watchos;
				SKIP_INSTALL = YES;
				SWIFT_EMIT_LOC_STRINGS = YES;
				SWIFT_VERSION = 5.0;
				TARGETED_DEVICE_FAMILY = 4;
				WATCHOS_DEPLOYMENT_TARGET = 8.5;
			};
			name = Debug;
		};
		24CCAFD82865BC0700AADD37 /* Release */ = {
			isa = XCBuildConfiguration;
			buildSettings = {
				ASSETCATALOG_COMPILER_COMPLICATION_NAME = Complication;
				CODE_SIGN_STYLE = Automatic;
				CURRENT_PROJECT_VERSION = 1;
				DEVELOPMENT_ASSET_PATHS = "\"ranger WatchKit Extension/Preview Content\"";
				DEVELOPMENT_TEAM = QG884YTN9F;
				ENABLE_PREVIEWS = YES;
				GENERATE_INFOPLIST_FILE = YES;
				INFOPLIST_FILE = "ranger WatchKit Extension/Info.plist";
				INFOPLIST_KEY_CFBundleDisplayName = "ranger WatchKit Extension";
				INFOPLIST_KEY_CLKComplicationPrincipalClass = rangewatcher_WatchKit_Extension.ComplicationController;
				INFOPLIST_KEY_NSHumanReadableCopyright = "";
				INFOPLIST_KEY_WKWatchOnly = YES;
				LD_RUNPATH_SEARCH_PATHS = (
					"$(inherited)",
					"@executable_path/Frameworks",
					"@executable_path/../../Frameworks",
				);
				MARKETING_VERSION = 1.0;
				PRODUCT_BUNDLE_IDENTIFIER = ro.devchain.rangewatcher.watchkitapp.watchkitextension;
				PRODUCT_NAME = "${TARGET_NAME}";
				SDKROOT = watchos;
				SKIP_INSTALL = YES;
				SWIFT_EMIT_LOC_STRINGS = YES;
				SWIFT_VERSION = 5.0;
				TARGETED_DEVICE_FAMILY = 4;
				WATCHOS_DEPLOYMENT_TARGET = 8.5;
			};
			name = Release;
		};
		24CCAFDB2865BC0700AADD37 /* Debug */ = {
			isa = XCBuildConfiguration;
			buildSettings = {
				ALWAYS_EMBED_SWIFT_STANDARD_LIBRARIES = YES;
				ASSETCATALOG_COMPILER_APPICON_NAME = AppIcon;
				ASSETCATALOG_COMPILER_GLOBAL_ACCENT_COLOR_NAME = AccentColor;
				CODE_SIGN_IDENTITY = "Apple Development";
				CODE_SIGN_STYLE = Automatic;
				CURRENT_PROJECT_VERSION = 1;
				DEVELOPMENT_TEAM = QG884YTN9F;
				GENERATE_INFOPLIST_FILE = YES;
				IBSC_MODULE = rangewatcher_WatchKit_Extension;
				INFOPLIST_KEY_CFBundleDisplayName = "ranger WatchKit App";
				INFOPLIST_KEY_UISupportedInterfaceOrientations = "UIInterfaceOrientationPortrait UIInterfaceOrientationPortraitUpsideDown";
				MARKETING_VERSION = 1.0;
				PRODUCT_BUNDLE_IDENTIFIER = ro.devchain.rangewatcher.watchkitapp;
				PRODUCT_NAME = "$(TARGET_NAME)";
				PROVISIONING_PROFILE_SPECIFIER = "";
				SDKROOT = watchos;
				SKIP_INSTALL = YES;
				SWIFT_EMIT_LOC_STRINGS = YES;
				SWIFT_VERSION = 5.0;
				TARGETED_DEVICE_FAMILY = 4;
				WATCHOS_DEPLOYMENT_TARGET = 8.5;
			};
			name = Debug;
		};
		24CCAFDC2865BC0700AADD37 /* Release */ = {
			isa = XCBuildConfiguration;
			buildSettings = {
				ALWAYS_EMBED_SWIFT_STANDARD_LIBRARIES = YES;
				ASSETCATALOG_COMPILER_APPICON_NAME = AppIcon;
				ASSETCATALOG_COMPILER_GLOBAL_ACCENT_COLOR_NAME = AccentColor;
				CODE_SIGN_IDENTITY = "Apple Development";
				CODE_SIGN_STYLE = Automatic;
				CURRENT_PROJECT_VERSION = 1;
				DEVELOPMENT_TEAM = QG884YTN9F;
				GENERATE_INFOPLIST_FILE = YES;
				IBSC_MODULE = rangewatcher_WatchKit_Extension;
				INFOPLIST_KEY_CFBundleDisplayName = "ranger WatchKit App";
				INFOPLIST_KEY_UISupportedInterfaceOrientations = "UIInterfaceOrientationPortrait UIInterfaceOrientationPortraitUpsideDown";
				MARKETING_VERSION = 1.0;
				PRODUCT_BUNDLE_IDENTIFIER = ro.devchain.rangewatcher.watchkitapp;
				PRODUCT_NAME = "$(TARGET_NAME)";
				PROVISIONING_PROFILE_SPECIFIER = "";
				SDKROOT = watchos;
				SKIP_INSTALL = YES;
				SWIFT_EMIT_LOC_STRINGS = YES;
				SWIFT_VERSION = 5.0;
				TARGETED_DEVICE_FAMILY = 4;
				WATCHOS_DEPLOYMENT_TARGET = 8.5;
			};
			name = Release;
		};
		24CCAFDF2865BC0700AADD37 /* Debug */ = {
			isa = XCBuildConfiguration;
			buildSettings = {
				CODE_SIGN_IDENTITY = "Apple Development";
				CODE_SIGN_STYLE = Automatic;
				CURRENT_PROJECT_VERSION = 1;
				DEVELOPMENT_TEAM = QG884YTN9F;
				MARKETING_VERSION = 1.0;
				PRODUCT_BUNDLE_IDENTIFIER = ro.devchain.rangewatcher;
				PRODUCT_NAME = "$(TARGET_NAME)";
				PROVISIONING_PROFILE_SPECIFIER = "";
				SWIFT_VERSION = 5.0;
			};
			name = Debug;
		};
		24CCAFE02865BC0700AADD37 /* Release */ = {
			isa = XCBuildConfiguration;
			buildSettings = {
				CODE_SIGN_IDENTITY = "Apple Development";
				CODE_SIGN_STYLE = Automatic;
				CURRENT_PROJECT_VERSION = 1;
				DEVELOPMENT_TEAM = QG884YTN9F;
				MARKETING_VERSION = 1.0;
				PRODUCT_BUNDLE_IDENTIFIER = ro.devchain.rangewatcher;
				PRODUCT_NAME = "$(TARGET_NAME)";
				PROVISIONING_PROFILE_SPECIFIER = "";
				SWIFT_VERSION = 5.0;
			};
			name = Release;
		};
		24CCAFE22865BC0700AADD37 /* Debug */ = {
			isa = XCBuildConfiguration;
			buildSettings = {
				ALWAYS_EMBED_SWIFT_STANDARD_LIBRARIES = YES;
				BUNDLE_LOADER = "$(TEST_HOST)";
				CODE_SIGN_STYLE = Automatic;
				CURRENT_PROJECT_VERSION = 1;
				DEVELOPMENT_TEAM = QG884YTN9F;
				GENERATE_INFOPLIST_FILE = YES;
				MARKETING_VERSION = 1.0;
				PRODUCT_BUNDLE_IDENTIFIER = ro.devchain.rangewatcherTests;
				PRODUCT_NAME = "$(TARGET_NAME)";
				SDKROOT = watchos;
				SWIFT_EMIT_LOC_STRINGS = NO;
				SWIFT_VERSION = 5.0;
				TARGETED_DEVICE_FAMILY = 4;
				TEST_HOST = "$(BUILT_PRODUCTS_DIR)/rangewatcher WatchKit Extension.appex/rangewatcher WatchKit Extension";
				WATCHOS_DEPLOYMENT_TARGET = 8.5;
			};
			name = Debug;
		};
		24CCAFE32865BC0700AADD37 /* Release */ = {
			isa = XCBuildConfiguration;
			buildSettings = {
				ALWAYS_EMBED_SWIFT_STANDARD_LIBRARIES = YES;
				BUNDLE_LOADER = "$(TEST_HOST)";
				CODE_SIGN_STYLE = Automatic;
				CURRENT_PROJECT_VERSION = 1;
				DEVELOPMENT_TEAM = QG884YTN9F;
				GENERATE_INFOPLIST_FILE = YES;
				MARKETING_VERSION = 1.0;
				PRODUCT_BUNDLE_IDENTIFIER = ro.devchain.rangewatcherTests;
				PRODUCT_NAME = "$(TARGET_NAME)";
				SDKROOT = watchos;
				SWIFT_EMIT_LOC_STRINGS = NO;
				SWIFT_VERSION = 5.0;
				TARGETED_DEVICE_FAMILY = 4;
				TEST_HOST = "$(BUILT_PRODUCTS_DIR)/rangewatcher WatchKit Extension.appex/rangewatcher WatchKit Extension";
				WATCHOS_DEPLOYMENT_TARGET = 8.5;
			};
			name = Release;
		};
		24CCAFE52865BC0700AADD37 /* Debug */ = {
			isa = XCBuildConfiguration;
			buildSettings = {
				CODE_SIGN_STYLE = Automatic;
				CURRENT_PROJECT_VERSION = 1;
				DEVELOPMENT_TEAM = QG884YTN9F;
				GENERATE_INFOPLIST_FILE = YES;
				MARKETING_VERSION = 1.0;
				PRODUCT_BUNDLE_IDENTIFIER = ro.devchain.rangewatcherUITests;
				PRODUCT_NAME = "$(TARGET_NAME)";
				SDKROOT = watchos;
				SWIFT_EMIT_LOC_STRINGS = NO;
				SWIFT_VERSION = 5.0;
				TARGETED_DEVICE_FAMILY = 4;
				TEST_TARGET_NAME = "ranger WatchKit App";
				WATCHOS_DEPLOYMENT_TARGET = 8.5;
			};
			name = Debug;
		};
		24CCAFE62865BC0700AADD37 /* Release */ = {
			isa = XCBuildConfiguration;
			buildSettings = {
				CODE_SIGN_STYLE = Automatic;
				CURRENT_PROJECT_VERSION = 1;
				DEVELOPMENT_TEAM = QG884YTN9F;
				GENERATE_INFOPLIST_FILE = YES;
				MARKETING_VERSION = 1.0;
				PRODUCT_BUNDLE_IDENTIFIER = ro.devchain.rangewatcherUITests;
				PRODUCT_NAME = "$(TARGET_NAME)";
				SDKROOT = watchos;
				SWIFT_EMIT_LOC_STRINGS = NO;
				SWIFT_VERSION = 5.0;
				TARGETED_DEVICE_FAMILY = 4;
				TEST_TARGET_NAME = "ranger WatchKit App";
				WATCHOS_DEPLOYMENT_TARGET = 8.5;
			};
			name = Release;
		};
/* End XCBuildConfiguration section */

/* Begin XCConfigurationList section */
		24CCAF962865BC0300AADD37 /* Build configuration list for PBXProject "rangewatcher" */ = {
			isa = XCConfigurationList;
			buildConfigurations = (
				24CCAFD42865BC0700AADD37 /* Debug */,
				24CCAFD52865BC0700AADD37 /* Release */,
			);
			defaultConfigurationIsVisible = 0;
			defaultConfigurationName = Release;
		};
		24CCAFD62865BC0700AADD37 /* Build configuration list for PBXNativeTarget "rangewatcher WatchKit Extension" */ = {
			isa = XCConfigurationList;
			buildConfigurations = (
				24CCAFD72865BC0700AADD37 /* Debug */,
				24CCAFD82865BC0700AADD37 /* Release */,
			);
			defaultConfigurationIsVisible = 0;
			defaultConfigurationName = Release;
		};
		24CCAFDA2865BC0700AADD37 /* Build configuration list for PBXNativeTarget "rangewatcher WatchKit App" */ = {
			isa = XCConfigurationList;
			buildConfigurations = (
				24CCAFDB2865BC0700AADD37 /* Debug */,
				24CCAFDC2865BC0700AADD37 /* Release */,
			);
			defaultConfigurationIsVisible = 0;
			defaultConfigurationName = Release;
		};
		24CCAFDE2865BC0700AADD37 /* Build configuration list for PBXNativeTarget "rangewatcher" */ = {
			isa = XCConfigurationList;
			buildConfigurations = (
				24CCAFDF2865BC0700AADD37 /* Debug */,
				24CCAFE02865BC0700AADD37 /* Release */,
			);
			defaultConfigurationIsVisible = 0;
			defaultConfigurationName = Release;
		};
		24CCAFE12865BC0700AADD37 /* Build configuration list for PBXNativeTarget "rangewatcherTests" */ = {
			isa = XCConfigurationList;
			buildConfigurations = (
				24CCAFE22865BC0700AADD37 /* Debug */,
				24CCAFE32865BC0700AADD37 /* Release */,
			);
			defaultConfigurationIsVisible = 0;
			defaultConfigurationName = Release;
		};
		24CCAFE42865BC0700AADD37 /* Build configuration list for PBXNativeTarget "rangewatcherUITests" */ = {
			isa = XCConfigurationList;
			buildConfigurations = (
				24CCAFE52865BC0700AADD37 /* Debug */,
				24CCAFE62865BC0700AADD37 /* Release */,
			);
			defaultConfigurationIsVisible = 0;
			defaultConfigurationName = Release;
		};
/* End XCConfigurationList section */
	};
	rootObject = 24CCAF932865BC0300AADD37 /* Project object */;
}
